
Microsoft Visual Studio Solution File, Format Version 12.00
# Visual Studio Version 16
VisualStudioVersion = 16.0.32602.291
MinimumVisualStudioVersion = 10.0.40219.1
Project("{2150E333-8FDC-42A3-9474-1A3956D46DE8}") = "00-Model", "00-Model", "{816BD743-03A7-48E5-AE7D-0DB91C00A961}"
EndProject
Project("{FAE04EC0-301F-11D3-BF4B-00C04F79EFBC}") = "GQ.Model", "GQ.Model\GQ.Model.csproj", "{9FFAF7EB-D692-441D-8670-069745FB7C21}"
EndProject
Project("{2150E333-8FDC-42A3-9474-1A3956D46DE8}") = "10-DataBase", "10-DataBase", "{65B8F210-4E8E-47E3-9F39-865D4B16E06F}"
EndProject
Project("{00D1A9C2-B5F0-4AF3-8072-F6C62B433612}") = "GQ.Database", "GQ.Database\GQ.Database.sqlproj", "{53A1C8D3-5991-4839-8247-085A0D405307}"
EndProject
Project("{2150E333-8FDC-42A3-9474-1A3956D46DE8}") = "09-Document", "09-Document", "{4A0CEE63-4E6B-4C43-B851-A41DC88291DD}"
EndProject
Project("{2150E333-8FDC-42A3-9474-1A3956D46DE8}") = "sql处理文件", "sql处理文件", "{75C5C28E-3020-4F98-994D-AF3A037B9E8F}"
EndProject
Project("{2150E333-8FDC-42A3-9474-1A3956D46DE8}") = "03-Service", "03-Service", "{D1041551-58BF-406A-8294-0B446F9F682F}"
EndProject
Project("{FAE04EC0-301F-11D3-BF4B-00C04F79EFBC}") = "GQ.Service", "GQ.Service\GQ.Service.csproj", "{2D4CBD02-0507-4883-A9C8-9C1382D6878E}"
EndProject
Project("{2150E333-8FDC-42A3-9474-1A3956D46DE8}") = "02-Api", "02-Api", "{59427D27-D5D5-45CB-94AF-9ADFA34CF866}"
EndProject
Project("{FAE04EC0-301F-11D3-BF4B-00C04F79EFBC}") = "GQ.Api", "GQ.Api\GQ.Api.csproj", "{538E86EC-AA41-40B1-8A3F-5B46E7439A37}"
EndProject
Project("{2150E333-8FDC-42A3-9474-1A3956D46DE8}") = "03-Common", "03-Common", "{5D424F4C-10D9-4BB1-BEC4-AAFFBA056DF7}"
EndProject
Project("{2150E333-8FDC-42A3-9474-1A3956D46DE8}") = "01-Repository", "01-Repository", "{8A063E31-5DBA-4185-941C-9264EEB98AFA}"
EndProject
Project("{FAE04EC0-301F-11D3-BF4B-00C04F79EFBC}") = "Gq.Repository", "Gq.Repository\Gq.Repository.csproj", "{7B63E570-6445-4D09-97B8-E845AE2393E0}"
EndProject
Global
	GlobalSection(SolutionConfigurationPlatforms) = preSolution
		Debug|Any CPU = Debug|Any CPU
		Release|Any CPU = Release|Any CPU
	EndGlobalSection
	GlobalSection(ProjectConfigurationPlatforms) = postSolution
		{9FFAF7EB-D692-441D-8670-069745FB7C21}.Debug|Any CPU.ActiveCfg = Debug|Any CPU
		{9FFAF7EB-D692-441D-8670-069745FB7C21}.Debug|Any CPU.Build.0 = Debug|Any CPU
		{9FFAF7EB-D692-441D-8670-069745FB7C21}.Release|Any CPU.ActiveCfg = Release|Any CPU
		{9FFAF7EB-D692-441D-8670-069745FB7C21}.Release|Any CPU.Build.0 = Release|Any CPU
		{53A1C8D3-5991-4839-8247-085A0D405307}.Debug|Any CPU.ActiveCfg = Debug|Any CPU
		{53A1C8D3-5991-4839-8247-085A0D405307}.Debug|Any CPU.Build.0 = Debug|Any CPU
		{53A1C8D3-5991-4839-8247-085A0D405307}.Debug|Any CPU.Deploy.0 = Debug|Any CPU
		{53A1C8D3-5991-4839-8247-085A0D405307}.Release|Any CPU.ActiveCfg = Release|Any CPU
		{53A1C8D3-5991-4839-8247-085A0D405307}.Release|Any CPU.Build.0 = Release|Any CPU
		{53A1C8D3-5991-4839-8247-085A0D405307}.Release|Any CPU.Deploy.0 = Release|Any CPU
		{2D4CBD02-0507-4883-A9C8-9C1382D6878E}.Debug|Any CPU.ActiveCfg = Debug|Any CPU
		{2D4CBD02-0507-4883-A9C8-9C1382D6878E}.Debug|Any CPU.Build.0 = Debug|Any CPU
		{2D4CBD02-0507-4883-A9C8-9C1382D6878E}.Release|Any CPU.ActiveCfg = Release|Any CPU
		{2D4CBD02-0507-4883-A9C8-9C1382D6878E}.Release|Any CPU.Build.0 = Release|Any CPU
		{538E86EC-AA41-40B1-8A3F-5B46E7439A37}.Debug|Any CPU.ActiveCfg = Debug|Any CPU
		{538E86EC-AA41-40B1-8A3F-5B46E7439A37}.Debug|Any CPU.Build.0 = Debug|Any CPU
		{538E86EC-AA41-40B1-8A3F-5B46E7439A37}.Release|Any CPU.ActiveCfg = Release|Any CPU
		{538E86EC-AA41-40B1-8A3F-5B46E7439A37}.Release|Any CPU.Build.0 = Release|Any CPU
		{7B63E570-6445-4D09-97B8-E845AE2393E0}.Debug|Any CPU.ActiveCfg = Debug|Any CPU
		{7B63E570-6445-4D09-97B8-E845AE2393E0}.Debug|Any CPU.Build.0 = Debug|Any CPU
		{7B63E570-6445-4D09-97B8-E845AE2393E0}.Release|Any CPU.ActiveCfg = Release|Any CPU
		{7B63E570-6445-4D09-97B8-E845AE2393E0}.Release|Any CPU.Build.0 = Release|Any CPU
	EndGlobalSection
	GlobalSection(SolutionProperties) = preSolution
		HideSolutionNode = FALSE
	EndGlobalSection
	GlobalSection(NestedProjects) = preSolution
		{9FFAF7EB-D692-441D-8670-069745FB7C21} = {816BD743-03A7-48E5-AE7D-0DB91C00A961}
		{53A1C8D3-5991-4839-8247-085A0D405307} = {65B8F210-4E8E-47E3-9F39-865D4B16E06F}
		{75C5C28E-3020-4F98-994D-AF3A037B9E8F} = {4A0CEE63-4E6B-4C43-B851-A41DC88291DD}
		{2D4CBD02-0507-4883-A9C8-9C1382D6878E} = {D1041551-58BF-406A-8294-0B446F9F682F}
		{538E86EC-AA41-40B1-8A3F-5B46E7439A37} = {59427D27-D5D5-45CB-94AF-9ADFA34CF866}
		{7B63E570-6445-4D09-97B8-E845AE2393E0} = {8A063E31-5DBA-4185-941C-9264EEB98AFA}
	EndGlobalSection
	GlobalSection(ExtensibilityGlobals) = postSolution
		SolutionGuid = {6BC91047-4EBA-408C-9061-EFB3E7C88EC4}
	EndGlobalSection
EndGlobal
